
Microsoft Visual Studio Solution File, Format Version 12.00
# Visual Studio Version 17
VisualStudioVersion = 17.3.32929.385
MinimumVisualStudioVersion = 10.0.40219.1
Project("{FAE04EC0-301F-11D3-BF4B-00C04F79EFBC}") = "Visitor", "Visitor\Visitor.csproj", "{EC748838-6DE6-48AE-96AF-B0B0FD9D4291}"
EndProject
Global
	GlobalSection(SolutionConfigurationPlatforms) = preSolution
		Debug|Any CPU = Debug|Any CPU
		Release|Any CPU = Release|Any CPU
	EndGlobalSection
	GlobalSection(ProjectConfigurationPlatforms) = postSolution
		{EC748838-6DE6-48AE-96AF-B0B0FD9D4291}.Debug|Any CPU.ActiveCfg = Debug|Any CPU
		{EC748838-6DE6-48AE-96AF-B0B0FD9D4291}.Debug|Any CPU.Build.0 = Debug|Any CPU
		{EC748838-6DE6-48AE-96AF-B0B0FD9D4291}.Release|Any CPU.ActiveCfg = Release|Any CPU
		{EC748838-6DE6-48AE-96AF-B0B0FD9D4291}.Release|Any CPU.Build.0 = Release|Any CPU
	EndGlobalSection
	GlobalSection(SolutionProperties) = preSolution
		HideSolutionNode = FALSE
	EndGlobalSection
	GlobalSection(ExtensibilityGlobals) = postSolution
		SolutionGuid = {6D7CB06B-F706-4CBD-84F5-9D528A2C11BE}
	EndGlobalSection
EndGlobal
